
Microsoft Visual Studio Solution File, Format Version 12.00
# Visual Studio Version 17
VisualStudioVersion = 17.3.32901.215
MinimumVisualStudioVersion = 10.0.40219.1
Project("{2150E333-8FDC-42A3-9474-1A3956D46DE8}") = "Solution Items", "Solution Items", "{822EBC3D-38B4-4B4A-9AB5-94C2DCCFFDBB}"
	ProjectSection(SolutionItems) = preProject
		.editorconfig = .editorconfig
		src\Directory.Packages.props = src\Directory.Packages.props
		gitversion.yml = gitversion.yml
		LICENSE = LICENSE
		README.md = README.md
	EndProjectSection
EndProject
Project("{2150E333-8FDC-42A3-9474-1A3956D46DE8}") = "src", "src", "{2180CEC2-82D5-49C0-9D99-91B1B195F086}"
	ProjectSection(SolutionItems) = preProject
		src\Directory.Build.props = src\Directory.Build.props
		src\Directory.Packages.props = src\Directory.Packages.props
		src\dotnet-test.Build.props = src\dotnet-test.Build.props
		src\Local.Packages.props = src\Local.Packages.props
		src\Local.Packages.props - template = src\Local.Packages.props - template
		src\nuget.config = src\nuget.config
	EndProjectSection
EndProject
Project("{2150E333-8FDC-42A3-9474-1A3956D46DE8}") = "lab", "lab", "{B895D539-67D7-438E-BBCA-00F75E6FA24A}"
EndProject
Project("{2150E333-8FDC-42A3-9474-1A3956D46DE8}") = "samples", "samples", "{C091D437-087E-4782-A04E-1AF0DBB2E56F}"
EndProject
Project("{2150E333-8FDC-42A3-9474-1A3956D46DE8}") = "src", "src", "{F44CC9DC-962C-4D40-A9A5-ED2896835C24}"
EndProject
Project("{2150E333-8FDC-42A3-9474-1A3956D46DE8}") = "MigraDoc", "MigraDoc", "{2E6DBF2C-BA61-400E-8307-6C619CEE0221}"
EndProject
Project("{2150E333-8FDC-42A3-9474-1A3956D46DE8}") = "PDFsharp", "PDFsharp", "{CD7682C0-87E9-4CA6-878F-D2AD6AF68DA5}"
EndProject
Project("{2150E333-8FDC-42A3-9474-1A3956D46DE8}") = "src", "src", "{FED255D8-F967-4357-BCFA-7C68A11B5700}"
EndProject
Project("{2150E333-8FDC-42A3-9474-1A3956D46DE8}") = "src", "src", "{61F0B46F-B2CB-472F-8B26-6E78A8E9D45E}"
EndProject
Project("{9A19103F-16F7-4668-BE54-9A1E7A4F7556}") = "HelloWorld,PDFsharp", "src\samples\src\PDFsharp\src\HelloWorld\HelloWorld,PDFsharp.csproj", "{DA14E6AC-F7E2-4300-AC81-497E04EB8B66}"
EndProject
Project("{2150E333-8FDC-42A3-9474-1A3956D46DE8}") = "apps", "apps", "{7D6A46F0-FD93-4F90-99C5-A4B11CFB762F}"
EndProject
Project("{2150E333-8FDC-42A3-9474-1A3956D46DE8}") = "MigraDoc", "MigraDoc", "{3B039EBC-2FCA-4A7E-AB4F-0007257E7367}"
EndProject
Project("{2150E333-8FDC-42A3-9474-1A3956D46DE8}") = "PDFsharp", "PDFsharp", "{D084C867-32C7-4920-8D80-8CF26635506B}"
EndProject
Project("{2150E333-8FDC-42A3-9474-1A3956D46DE8}") = "src", "src", "{5261867E-D118-451D-86C6-662E2CFFBDD8}"
EndProject
Project("{2150E333-8FDC-42A3-9474-1A3956D46DE8}") = "src", "src", "{3E81FAD1-A508-4EF2-82B0-CFCF216C1F2A}"
EndProject
Project("{9A19103F-16F7-4668-BE54-9A1E7A4F7556}") = "PdfRef2LicenseRemover", "src\samples\src\PDFsharp\src\PdfRef2LicenseRemover\PdfRef2LicenseRemover.csproj", "{6F3ACBB9-8F30-4535-AC0F-CEBCED4F2A2C}"
EndProject
Project("{2150E333-8FDC-42A3-9474-1A3956D46DE8}") = "src", "src", "{CC955635-24B8-46EE-BA3D-3A865A7AAEC6}"
	ProjectSection(SolutionItems) = preProject
		src\samples-1.5\src\README.md = src\samples-1.5\src\README.md
	EndProjectSection
EndProject
Project("{2150E333-8FDC-42A3-9474-1A3956D46DE8}") = "PDFsharp", "PDFsharp", "{2670FCE8-81E8-43BD-8108-D83F83A5C0D4}"
EndProject
Project("{2150E333-8FDC-42A3-9474-1A3956D46DE8}") = "PDFsharp-gdi", "PDFsharp-gdi", "{496D412F-AB16-4188-B62F-E8C002F40DD8}"
EndProject
Project("{2150E333-8FDC-42A3-9474-1A3956D46DE8}") = "PDFsharp-wpf", "PDFsharp-wpf", "{13D9E658-7F78-4C15-B21B-722445F44847}"
EndProject
Project("{2150E333-8FDC-42A3-9474-1A3956D46DE8}") = "PDFsharp-gdi", "PDFsharp-gdi", "{E223DB33-A6B6-4F78-A385-015C7AE9B4A8}"
EndProject
Project("{2150E333-8FDC-42A3-9474-1A3956D46DE8}") = "PDFsharp-wpf", "PDFsharp-wpf", "{C82D3DB8-D0B3-45A9-9902-BA9DF171E680}"
EndProject
Project("{2150E333-8FDC-42A3-9474-1A3956D46DE8}") = "samples-1.5", "samples-1.5", "{846A7C67-BC7C-4D07-AF2A-549FA5792D47}"
EndProject
Project("{2150E333-8FDC-42A3-9474-1A3956D46DE8}") = "src", "src", "{DD1A6579-C2B7-489D-9DDE-2CA2F9477782}"
EndProject
Project("{2150E333-8FDC-42A3-9474-1A3956D46DE8}") = "src", "src", "{6C3A0B2E-E4E1-466B-95E4-1B72373A683B}"
EndProject
Project("{9A19103F-16F7-4668-BE54-9A1E7A4F7556}") = "HelloWorld-gdi", "src\samples\src\PDFsharp-gdi\src\HelloWorld\HelloWorld-gdi.csproj", "{1CC7921E-9D67-4BC9-8968-452136EBA3EE}"
EndProject
Project("{9A19103F-16F7-4668-BE54-9A1E7A4F7556}") = "HelloWorld-wpf", "src\samples\src\PDFsharp-wpf\src\HelloWorld\HelloWorld-wpf.csproj", "{413C34B5-DD53-4744-8EED-5ED6A1A756BF}"
EndProject
Project("{2150E333-8FDC-42A3-9474-1A3956D46DE8}") = "src", "src", "{A2F18BB0-FAB5-4717-98A5-055D1A862354}"
EndProject
Project("{2150E333-8FDC-42A3-9474-1A3956D46DE8}") = "src", "src", "{44E2CEC6-92F0-4042-9E5C-28D9A8D10121}"
EndProject
Project("{2150E333-8FDC-42A3-9474-1A3956D46DE8}") = "src", "src", "{D4779039-3389-4CFA-B44C-C659B6F1AC9C}"
EndProject
Project("{9A19103F-16F7-4668-BE54-9A1E7A4F7556}") = "Annotation", "src\samples-1.5\src\PDFsharp\src\Annotations\Annotation.csproj", "{767CEBB6-1D4C-484A-8B03-A45CA843E218}"
EndProject
Project("{9A19103F-16F7-4668-BE54-9A1E7A4F7556}") = "Booklet", "src\samples-1.5\src\PDFsharp\src\Booklet\Booklet.csproj", "{9BE62D26-1774-49E0-AE2C-AAC1A494A106}"
EndProject
Project("{9A19103F-16F7-4668-BE54-9A1E7A4F7556}") = "Bookmarks", "src\samples-1.5\src\PDFsharp\src\Bookmarks\Bookmarks.csproj", "{6252EE5D-8DB9-45FE-8B6D-A8EE6420DFF8}"
EndProject
Project("{9A19103F-16F7-4668-BE54-9A1E7A4F7556}") = "Graphics", "src\samples-1.5\src\PDFsharp\src\Graphics\Graphics.csproj", "{4457145E-2380-4470-BE6F-DEDEEF385499}"
EndProject
Project("{9A19103F-16F7-4668-BE54-9A1E7A4F7556}") = "HelloWorld", "src\samples-1.5\src\PDFsharp\src\HelloWorld\HelloWorld.csproj", "{1433AF13-8A51-4585-90EA-40C122157BE3}"
EndProject
Project("{9A19103F-16F7-4668-BE54-9A1E7A4F7556}") = "TextLayout", "src\samples-1.5\src\PDFsharp\src\TextLayout\TextLayout.csproj", "{AFBF2908-DA60-4F8A-BF54-FC02F1C6F0F9}"
EndProject
Project("{9A19103F-16F7-4668-BE54-9A1E7A4F7556}") = "XForms", "src\samples-1.5\src\PDFsharp\src\XForms\XForms.csproj", "{C9F5C464-FDFE-43FC-AF00-C8D5FE261274}"
EndProject
Project("{9A19103F-16F7-4668-BE54-9A1E7A4F7556}") = "Annotations-gdi", "src\samples-1.5\src\PDFsharp-gdi\src\Annotations\Annotations-gdi.csproj", "{6BDB8A3E-D45E-4F1C-BF6B-47D1EC0AE149}"
EndProject
Project("{9A19103F-16F7-4668-BE54-9A1E7A4F7556}") = "Booklet-gdi", "src\samples-1.5\src\PDFsharp-gdi\src\Booklet\Booklet-gdi.csproj", "{F7DC98D7-DF64-414D-9CBB-44B43596BAE3}"
EndProject
Project("{9A19103F-16F7-4668-BE54-9A1E7A4F7556}") = "Bookmarks-gdi", "src\samples-1.5\src\PDFsharp-gdi\src\Bookmarks\Bookmarks-gdi.csproj", "{5F3CB23A-93E2-4B3A-A98E-B484DA6171C3}"
EndProject
Project("{9A19103F-16F7-4668-BE54-9A1E7A4F7556}") = "Graphics-gdi", "src\samples-1.5\src\PDFsharp-gdi\src\Graphics\Graphics-gdi.csproj", "{6D243B9F-D67A-4F86-A54E-3570ADD06DD6}"
EndProject
Project("{9A19103F-16F7-4668-BE54-9A1E7A4F7556}") = "HelloWorld-gdi", "src\samples-1.5\src\PDFsharp-gdi\src\HelloWorld\HelloWorld-gdi.csproj", "{3C9641CD-3ED9-4D67-9448-D3E03D9CD4B4}"
EndProject
Project("{9A19103F-16F7-4668-BE54-9A1E7A4F7556}") = "XForms-gdi", "src\samples-1.5\src\PDFsharp-gdi\src\XForms\XForms-gdi.csproj", "{D545D913-DEF2-4430-A767-9044B58B89F0}"
EndProject
Project("{9A19103F-16F7-4668-BE54-9A1E7A4F7556}") = "Annotations-wpf", "src\samples-1.5\src\PDFsharp-wpf\src\Annotations\Annotations-wpf.csproj", "{9EF09D2C-E8FC-4EBF-8925-7B74CFAA98A7}"
EndProject
Project("{9A19103F-16F7-4668-BE54-9A1E7A4F7556}") = "Booklet-wpf", "src\samples-1.5\src\PDFsharp-wpf\src\Booklet\Booklet-wpf.csproj", "{10CD3D3D-718C-466C-8508-26344F1454D0}"
EndProject
Project("{9A19103F-16F7-4668-BE54-9A1E7A4F7556}") = "Bookmarks-wpf", "src\samples-1.5\src\PDFsharp-wpf\src\Bookmarks\Bookmarks-wpf.csproj", "{A4DFD6E3-B455-45D1-856A-4C3513D1FA9B}"
EndProject
Project("{9A19103F-16F7-4668-BE54-9A1E7A4F7556}") = "Graphics-wpf", "src\samples-1.5\src\PDFsharp-wpf\src\Graphics\Graphics-wpf.csproj", "{0B94A45A-E05E-43B8-8CE5-6C42C6C29EF1}"
EndProject
Project("{9A19103F-16F7-4668-BE54-9A1E7A4F7556}") = "HelloWorld-wpf", "src\samples-1.5\src\PDFsharp-wpf\src\HelloWorld\HelloWorld-wpf.csproj", "{B4556D17-7654-49C9-B8D9-47DC782E66E8}"
EndProject
Project("{9A19103F-16F7-4668-BE54-9A1E7A4F7556}") = "XForms-wpf", "src\samples-1.5\src\PDFsharp-wpf\src\XForms\XForms-wpf.csproj", "{BC81E85B-F457-4663-9DC9-AF0E9A6D2188}"
EndProject
Project("{9A19103F-16F7-4668-BE54-9A1E7A4F7556}") = "TextLayout-wpf", "src\samples-1.5\src\PDFsharp-wpf\src\TextLayout\TextLayout-wpf.csproj", "{012BC8E5-79CD-40C9-9C9F-4FBF78648974}"
EndProject
Project("{9A19103F-16F7-4668-BE54-9A1E7A4F7556}") = "TextLayout-gdi", "src\samples-1.5\src\PDFsharp-gdi\src\TextLayout\TextLayout-gdi.csproj", "{9809333D-D1A4-4F73-8537-9D5245A4C828}"
EndProject
Project("{2150E333-8FDC-42A3-9474-1A3956D46DE8}") = "MigraDoc", "MigraDoc", "{63F97036-823C-4FDD-BED7-7BF1DFDD6A5F}"
EndProject
Project("{2150E333-8FDC-42A3-9474-1A3956D46DE8}") = "MigraDoc-gdi", "MigraDoc-gdi", "{072C9FA2-8B3A-40C4-B280-3F152F21F52D}"
EndProject
Project("{2150E333-8FDC-42A3-9474-1A3956D46DE8}") = "MigraDoc-wpf", "MigraDoc-wpf", "{AFDCB0FD-7BA8-4723-894A-4BACF72C53F1}"
EndProject
Project("{9A19103F-16F7-4668-BE54-9A1E7A4F7556}") = "HelloWorld,MigraDoc", "src\samples\src\MigraDoc\src\HelloWorld\HelloWorld,MigraDoc.csproj", "{CAC9A381-E1F2-46BD-8872-7B89501EB6D5}"
EndProject
Project("{9A19103F-16F7-4668-BE54-9A1E7A4F7556}") = "HelloMigraDoc", "src\samples\src\MigraDoc\src\HelloMigraDoc\HelloMigraDoc.csproj", "{5EF832BA-42B7-4D6B-831E-9453A62B08BE}"
EndProject
Project("{2150E333-8FDC-42A3-9474-1A3956D46DE8}") = "MigraDoc-gdi", "MigraDoc-gdi", "{1F26C8C7-2932-4752-AE13-AD76B7AEC24A}"
EndProject
Project("{2150E333-8FDC-42A3-9474-1A3956D46DE8}") = "MigraDoc-wpf", "MigraDoc-wpf", "{7731AD6E-43F2-42E3-A3D0-6C3AF1FAA8DC}"
EndProject
Project("{2150E333-8FDC-42A3-9474-1A3956D46DE8}") = "src", "src", "{F94265B2-606E-4FC2-932D-6348B2DCC5B0}"
EndProject
Project("{2150E333-8FDC-42A3-9474-1A3956D46DE8}") = "src", "src", "{A897BFE6-6F1B-4DC0-95C9-5B27A0A0068F}"
EndProject
Project("{9A19103F-16F7-4668-BE54-9A1E7A4F7556}") = "HelloWorld,MigraDoc-gdi", "src\samples\src\MigraDoc-gdi\src\HelloWorld-gdi\HelloWorld,MigraDoc-gdi.csproj", "{630606A1-95CB-4B07-882B-F59DA10BD5F4}"
EndProject
Project("{9A19103F-16F7-4668-BE54-9A1E7A4F7556}") = "HelloMigraDoc-gdi", "src\samples\src\MigraDoc-gdi\src\HelloMigraDoc-gdi\HelloMigraDoc-gdi.csproj", "{C4D3646D-F049-4294-AACB-CC84F010D057}"
EndProject
Project("{9A19103F-16F7-4668-BE54-9A1E7A4F7556}") = "HelloWorld,MigraDoc-wpf", "src\samples\src\MigraDoc-wpf\src\HelloWorld-wpf\HelloWorld,MigraDoc-wpf.csproj", "{88EC60BA-CC65-4639-BB79-1DDB622E6BB2}"
EndProject
Project("{9A19103F-16F7-4668-BE54-9A1E7A4F7556}") = "HelloMigraDoc-wpf", "src\samples\src\MigraDoc-wpf\src\HelloMigraDoc-wpf\HelloMigraDoc-wpf.csproj", "{4E5F61C4-0A16-47C4-A879-E5D46C4640F1}"
EndProject
Project("{9A19103F-16F7-4668-BE54-9A1E7A4F7556}") = "AES128", "src\samples\src\PDFsharp\src\AES128\AES128.csproj", "{C14DB441-09B2-437B-A193-CC11CEEC2C5B}"
EndProject
Project("{9A19103F-16F7-4668-BE54-9A1E7A4F7556}") = "AES256", "src\samples\src\PDFsharp\src\AES256\AES256.csproj", "{1FDF2310-240D-4247-81B5-2457E017C457}"
EndProject
Global
	GlobalSection(SolutionConfigurationPlatforms) = preSolution
		Debug|Any CPU = Debug|Any CPU
		Release|Any CPU = Release|Any CPU
	EndGlobalSection
	GlobalSection(ProjectConfigurationPlatforms) = postSolution
		{DA14E6AC-F7E2-4300-AC81-497E04EB8B66}.Debug|Any CPU.ActiveCfg = Debug|Any CPU
		{DA14E6AC-F7E2-4300-AC81-497E04EB8B66}.Debug|Any CPU.Build.0 = Debug|Any CPU
		{DA14E6AC-F7E2-4300-AC81-497E04EB8B66}.Release|Any CPU.ActiveCfg = Release|Any CPU
		{DA14E6AC-F7E2-4300-AC81-497E04EB8B66}.Release|Any CPU.Build.0 = Release|Any CPU
		{6F3ACBB9-8F30-4535-AC0F-CEBCED4F2A2C}.Debug|Any CPU.ActiveCfg = Debug|Any CPU
		{6F3ACBB9-8F30-4535-AC0F-CEBCED4F2A2C}.Debug|Any CPU.Build.0 = Debug|Any CPU
		{6F3ACBB9-8F30-4535-AC0F-CEBCED4F2A2C}.Release|Any CPU.ActiveCfg = Release|Any CPU
		{6F3ACBB9-8F30-4535-AC0F-CEBCED4F2A2C}.Release|Any CPU.Build.0 = Release|Any CPU
		{1CC7921E-9D67-4BC9-8968-452136EBA3EE}.Debug|Any CPU.ActiveCfg = Debug|Any CPU
		{1CC7921E-9D67-4BC9-8968-452136EBA3EE}.Debug|Any CPU.Build.0 = Debug|Any CPU
		{1CC7921E-9D67-4BC9-8968-452136EBA3EE}.Release|Any CPU.ActiveCfg = Release|Any CPU
		{1CC7921E-9D67-4BC9-8968-452136EBA3EE}.Release|Any CPU.Build.0 = Release|Any CPU
		{413C34B5-DD53-4744-8EED-5ED6A1A756BF}.Debug|Any CPU.ActiveCfg = Debug|Any CPU
		{413C34B5-DD53-4744-8EED-5ED6A1A756BF}.Debug|Any CPU.Build.0 = Debug|Any CPU
		{413C34B5-DD53-4744-8EED-5ED6A1A756BF}.Release|Any CPU.ActiveCfg = Release|Any CPU
		{413C34B5-DD53-4744-8EED-5ED6A1A756BF}.Release|Any CPU.Build.0 = Release|Any CPU
		{767CEBB6-1D4C-484A-8B03-A45CA843E218}.Debug|Any CPU.ActiveCfg = Debug|Any CPU
		{767CEBB6-1D4C-484A-8B03-A45CA843E218}.Debug|Any CPU.Build.0 = Debug|Any CPU
		{767CEBB6-1D4C-484A-8B03-A45CA843E218}.Release|Any CPU.ActiveCfg = Release|Any CPU
		{767CEBB6-1D4C-484A-8B03-A45CA843E218}.Release|Any CPU.Build.0 = Release|Any CPU
		{9BE62D26-1774-49E0-AE2C-AAC1A494A106}.Debug|Any CPU.ActiveCfg = Debug|Any CPU
		{9BE62D26-1774-49E0-AE2C-AAC1A494A106}.Debug|Any CPU.Build.0 = Debug|Any CPU
		{9BE62D26-1774-49E0-AE2C-AAC1A494A106}.Release|Any CPU.ActiveCfg = Release|Any CPU
		{9BE62D26-1774-49E0-AE2C-AAC1A494A106}.Release|Any CPU.Build.0 = Release|Any CPU
		{6252EE5D-8DB9-45FE-8B6D-A8EE6420DFF8}.Debug|Any CPU.ActiveCfg = Debug|Any CPU
		{6252EE5D-8DB9-45FE-8B6D-A8EE6420DFF8}.Debug|Any CPU.Build.0 = Debug|Any CPU
		{6252EE5D-8DB9-45FE-8B6D-A8EE6420DFF8}.Release|Any CPU.ActiveCfg = Release|Any CPU
		{6252EE5D-8DB9-45FE-8B6D-A8EE6420DFF8}.Release|Any CPU.Build.0 = Release|Any CPU
		{4457145E-2380-4470-BE6F-DEDEEF385499}.Debug|Any CPU.ActiveCfg = Debug|Any CPU
		{4457145E-2380-4470-BE6F-DEDEEF385499}.Debug|Any CPU.Build.0 = Debug|Any CPU
		{4457145E-2380-4470-BE6F-DEDEEF385499}.Release|Any CPU.ActiveCfg = Release|Any CPU
		{4457145E-2380-4470-BE6F-DEDEEF385499}.Release|Any CPU.Build.0 = Release|Any CPU
		{1433AF13-8A51-4585-90EA-40C122157BE3}.Debug|Any CPU.ActiveCfg = Debug|Any CPU
		{1433AF13-8A51-4585-90EA-40C122157BE3}.Debug|Any CPU.Build.0 = Debug|Any CPU
		{1433AF13-8A51-4585-90EA-40C122157BE3}.Release|Any CPU.ActiveCfg = Release|Any CPU
		{1433AF13-8A51-4585-90EA-40C122157BE3}.Release|Any CPU.Build.0 = Release|Any CPU
		{AFBF2908-DA60-4F8A-BF54-FC02F1C6F0F9}.Debug|Any CPU.ActiveCfg = Debug|Any CPU
		{AFBF2908-DA60-4F8A-BF54-FC02F1C6F0F9}.Debug|Any CPU.Build.0 = Debug|Any CPU
		{AFBF2908-DA60-4F8A-BF54-FC02F1C6F0F9}.Release|Any CPU.ActiveCfg = Release|Any CPU
		{AFBF2908-DA60-4F8A-BF54-FC02F1C6F0F9}.Release|Any CPU.Build.0 = Release|Any CPU
		{C9F5C464-FDFE-43FC-AF00-C8D5FE261274}.Debug|Any CPU.ActiveCfg = Debug|Any CPU
		{C9F5C464-FDFE-43FC-AF00-C8D5FE261274}.Debug|Any CPU.Build.0 = Debug|Any CPU
		{C9F5C464-FDFE-43FC-AF00-C8D5FE261274}.Release|Any CPU.ActiveCfg = Release|Any CPU
		{C9F5C464-FDFE-43FC-AF00-C8D5FE261274}.Release|Any CPU.Build.0 = Release|Any CPU
		{6BDB8A3E-D45E-4F1C-BF6B-47D1EC0AE149}.Debug|Any CPU.ActiveCfg = Debug|Any CPU
		{6BDB8A3E-D45E-4F1C-BF6B-47D1EC0AE149}.Debug|Any CPU.Build.0 = Debug|Any CPU
		{6BDB8A3E-D45E-4F1C-BF6B-47D1EC0AE149}.Release|Any CPU.ActiveCfg = Release|Any CPU
		{6BDB8A3E-D45E-4F1C-BF6B-47D1EC0AE149}.Release|Any CPU.Build.0 = Release|Any CPU
		{F7DC98D7-DF64-414D-9CBB-44B43596BAE3}.Debug|Any CPU.ActiveCfg = Debug|Any CPU
		{F7DC98D7-DF64-414D-9CBB-44B43596BAE3}.Debug|Any CPU.Build.0 = Debug|Any CPU
		{F7DC98D7-DF64-414D-9CBB-44B43596BAE3}.Release|Any CPU.ActiveCfg = Release|Any CPU
		{F7DC98D7-DF64-414D-9CBB-44B43596BAE3}.Release|Any CPU.Build.0 = Release|Any CPU
		{5F3CB23A-93E2-4B3A-A98E-B484DA6171C3}.Debug|Any CPU.ActiveCfg = Debug|Any CPU
		{5F3CB23A-93E2-4B3A-A98E-B484DA6171C3}.Debug|Any CPU.Build.0 = Debug|Any CPU
		{5F3CB23A-93E2-4B3A-A98E-B484DA6171C3}.Release|Any CPU.ActiveCfg = Release|Any CPU
		{5F3CB23A-93E2-4B3A-A98E-B484DA6171C3}.Release|Any CPU.Build.0 = Release|Any CPU
		{6D243B9F-D67A-4F86-A54E-3570ADD06DD6}.Debug|Any CPU.ActiveCfg = Debug|Any CPU
		{6D243B9F-D67A-4F86-A54E-3570ADD06DD6}.Debug|Any CPU.Build.0 = Debug|Any CPU
		{6D243B9F-D67A-4F86-A54E-3570ADD06DD6}.Release|Any CPU.ActiveCfg = Release|Any CPU
		{6D243B9F-D67A-4F86-A54E-3570ADD06DD6}.Release|Any CPU.Build.0 = Release|Any CPU
		{3C9641CD-3ED9-4D67-9448-D3E03D9CD4B4}.Debug|Any CPU.ActiveCfg = Debug|Any CPU
		{3C9641CD-3ED9-4D67-9448-D3E03D9CD4B4}.Debug|Any CPU.Build.0 = Debug|Any CPU
		{3C9641CD-3ED9-4D67-9448-D3E03D9CD4B4}.Release|Any CPU.ActiveCfg = Release|Any CPU
		{3C9641CD-3ED9-4D67-9448-D3E03D9CD4B4}.Release|Any CPU.Build.0 = Release|Any CPU
		{D545D913-DEF2-4430-A767-9044B58B89F0}.Debug|Any CPU.ActiveCfg = Debug|Any CPU
		{D545D913-DEF2-4430-A767-9044B58B89F0}.Debug|Any CPU.Build.0 = Debug|Any CPU
		{D545D913-DEF2-4430-A767-9044B58B89F0}.Release|Any CPU.ActiveCfg = Release|Any CPU
		{D545D913-DEF2-4430-A767-9044B58B89F0}.Release|Any CPU.Build.0 = Release|Any CPU
		{9EF09D2C-E8FC-4EBF-8925-7B74CFAA98A7}.Debug|Any CPU.ActiveCfg = Debug|Any CPU
		{9EF09D2C-E8FC-4EBF-8925-7B74CFAA98A7}.Debug|Any CPU.Build.0 = Debug|Any CPU
		{9EF09D2C-E8FC-4EBF-8925-7B74CFAA98A7}.Release|Any CPU.ActiveCfg = Release|Any CPU
		{9EF09D2C-E8FC-4EBF-8925-7B74CFAA98A7}.Release|Any CPU.Build.0 = Release|Any CPU
		{10CD3D3D-718C-466C-8508-26344F1454D0}.Debug|Any CPU.ActiveCfg = Debug|Any CPU
		{10CD3D3D-718C-466C-8508-26344F1454D0}.Debug|Any CPU.Build.0 = Debug|Any CPU
		{10CD3D3D-718C-466C-8508-26344F1454D0}.Release|Any CPU.ActiveCfg = Release|Any CPU
		{10CD3D3D-718C-466C-8508-26344F1454D0}.Release|Any CPU.Build.0 = Release|Any CPU
		{A4DFD6E3-B455-45D1-856A-4C3513D1FA9B}.Debug|Any CPU.ActiveCfg = Debug|Any CPU
		{A4DFD6E3-B455-45D1-856A-4C3513D1FA9B}.Debug|Any CPU.Build.0 = Debug|Any CPU
		{A4DFD6E3-B455-45D1-856A-4C3513D1FA9B}.Release|Any CPU.ActiveCfg = Release|Any CPU
		{A4DFD6E3-B455-45D1-856A-4C3513D1FA9B}.Release|Any CPU.Build.0 = Release|Any CPU
		{0B94A45A-E05E-43B8-8CE5-6C42C6C29EF1}.Debug|Any CPU.ActiveCfg = Debug|Any CPU
		{0B94A45A-E05E-43B8-8CE5-6C42C6C29EF1}.Debug|Any CPU.Build.0 = Debug|Any CPU
		{0B94A45A-E05E-43B8-8CE5-6C42C6C29EF1}.Release|Any CPU.ActiveCfg = Release|Any CPU
		{0B94A45A-E05E-43B8-8CE5-6C42C6C29EF1}.Release|Any CPU.Build.0 = Release|Any CPU
		{B4556D17-7654-49C9-B8D9-47DC782E66E8}.Debug|Any CPU.ActiveCfg = Debug|Any CPU
		{B4556D17-7654-49C9-B8D9-47DC782E66E8}.Debug|Any CPU.Build.0 = Debug|Any CPU
		{B4556D17-7654-49C9-B8D9-47DC782E66E8}.Release|Any CPU.ActiveCfg = Release|Any CPU
		{B4556D17-7654-49C9-B8D9-47DC782E66E8}.Release|Any CPU.Build.0 = Release|Any CPU
		{BC81E85B-F457-4663-9DC9-AF0E9A6D2188}.Debug|Any CPU.ActiveCfg = Debug|Any CPU
		{BC81E85B-F457-4663-9DC9-AF0E9A6D2188}.Debug|Any CPU.Build.0 = Debug|Any CPU
		{BC81E85B-F457-4663-9DC9-AF0E9A6D2188}.Release|Any CPU.ActiveCfg = Release|Any CPU
		{BC81E85B-F457-4663-9DC9-AF0E9A6D2188}.Release|Any CPU.Build.0 = Release|Any CPU
		{012BC8E5-79CD-40C9-9C9F-4FBF78648974}.Debug|Any CPU.ActiveCfg = Debug|Any CPU
		{012BC8E5-79CD-40C9-9C9F-4FBF78648974}.Debug|Any CPU.Build.0 = Debug|Any CPU
		{012BC8E5-79CD-40C9-9C9F-4FBF78648974}.Release|Any CPU.ActiveCfg = Release|Any CPU
		{012BC8E5-79CD-40C9-9C9F-4FBF78648974}.Release|Any CPU.Build.0 = Release|Any CPU
		{9809333D-D1A4-4F73-8537-9D5245A4C828}.Debug|Any CPU.ActiveCfg = Debug|Any CPU
		{9809333D-D1A4-4F73-8537-9D5245A4C828}.Debug|Any CPU.Build.0 = Debug|Any CPU
		{9809333D-D1A4-4F73-8537-9D5245A4C828}.Release|Any CPU.ActiveCfg = Release|Any CPU
		{9809333D-D1A4-4F73-8537-9D5245A4C828}.Release|Any CPU.Build.0 = Release|Any CPU
		{CAC9A381-E1F2-46BD-8872-7B89501EB6D5}.Debug|Any CPU.ActiveCfg = Debug|Any CPU
		{CAC9A381-E1F2-46BD-8872-7B89501EB6D5}.Debug|Any CPU.Build.0 = Debug|Any CPU
		{CAC9A381-E1F2-46BD-8872-7B89501EB6D5}.Release|Any CPU.ActiveCfg = Release|Any CPU
		{CAC9A381-E1F2-46BD-8872-7B89501EB6D5}.Release|Any CPU.Build.0 = Release|Any CPU
		{5EF832BA-42B7-4D6B-831E-9453A62B08BE}.Debug|Any CPU.ActiveCfg = Debug|Any CPU
		{5EF832BA-42B7-4D6B-831E-9453A62B08BE}.Debug|Any CPU.Build.0 = Debug|Any CPU
		{5EF832BA-42B7-4D6B-831E-9453A62B08BE}.Release|Any CPU.ActiveCfg = Release|Any CPU
		{5EF832BA-42B7-4D6B-831E-9453A62B08BE}.Release|Any CPU.Build.0 = Release|Any CPU
		{630606A1-95CB-4B07-882B-F59DA10BD5F4}.Debug|Any CPU.ActiveCfg = Debug|Any CPU
		{630606A1-95CB-4B07-882B-F59DA10BD5F4}.Debug|Any CPU.Build.0 = Debug|Any CPU
		{630606A1-95CB-4B07-882B-F59DA10BD5F4}.Release|Any CPU.ActiveCfg = Release|Any CPU
		{630606A1-95CB-4B07-882B-F59DA10BD5F4}.Release|Any CPU.Build.0 = Release|Any CPU
		{C4D3646D-F049-4294-AACB-CC84F010D057}.Debug|Any CPU.ActiveCfg = Debug|Any CPU
		{C4D3646D-F049-4294-AACB-CC84F010D057}.Debug|Any CPU.Build.0 = Debug|Any CPU
		{C4D3646D-F049-4294-AACB-CC84F010D057}.Release|Any CPU.ActiveCfg = Release|Any CPU
		{C4D3646D-F049-4294-AACB-CC84F010D057}.Release|Any CPU.Build.0 = Release|Any CPU
		{88EC60BA-CC65-4639-BB79-1DDB622E6BB2}.Debug|Any CPU.ActiveCfg = Debug|Any CPU
		{88EC60BA-CC65-4639-BB79-1DDB622E6BB2}.Debug|Any CPU.Build.0 = Debug|Any CPU
		{88EC60BA-CC65-4639-BB79-1DDB622E6BB2}.Release|Any CPU.ActiveCfg = Release|Any CPU
		{88EC60BA-CC65-4639-BB79-1DDB622E6BB2}.Release|Any CPU.Build.0 = Release|Any CPU
		{4E5F61C4-0A16-47C4-A879-E5D46C4640F1}.Debug|Any CPU.ActiveCfg = Debug|Any CPU
		{4E5F61C4-0A16-47C4-A879-E5D46C4640F1}.Debug|Any CPU.Build.0 = Debug|Any CPU
		{4E5F61C4-0A16-47C4-A879-E5D46C4640F1}.Release|Any CPU.ActiveCfg = Release|Any CPU
		{4E5F61C4-0A16-47C4-A879-E5D46C4640F1}.Release|Any CPU.Build.0 = Release|Any CPU
		{C14DB441-09B2-437B-A193-CC11CEEC2C5B}.Debug|Any CPU.ActiveCfg = Debug|Any CPU
		{C14DB441-09B2-437B-A193-CC11CEEC2C5B}.Debug|Any CPU.Build.0 = Debug|Any CPU
		{C14DB441-09B2-437B-A193-CC11CEEC2C5B}.Release|Any CPU.ActiveCfg = Release|Any CPU
		{C14DB441-09B2-437B-A193-CC11CEEC2C5B}.Release|Any CPU.Build.0 = Release|Any CPU
		{1FDF2310-240D-4247-81B5-2457E017C457}.Debug|Any CPU.ActiveCfg = Debug|Any CPU
		{1FDF2310-240D-4247-81B5-2457E017C457}.Debug|Any CPU.Build.0 = Debug|Any CPU
		{1FDF2310-240D-4247-81B5-2457E017C457}.Release|Any CPU.ActiveCfg = Release|Any CPU
		{1FDF2310-240D-4247-81B5-2457E017C457}.Release|Any CPU.Build.0 = Release|Any CPU
	EndGlobalSection
	GlobalSection(SolutionProperties) = preSolution
		HideSolutionNode = FALSE
	EndGlobalSection
	GlobalSection(NestedProjects) = preSolution
		{B895D539-67D7-438E-BBCA-00F75E6FA24A} = {2180CEC2-82D5-49C0-9D99-91B1B195F086}
		{C091D437-087E-4782-A04E-1AF0DBB2E56F} = {2180CEC2-82D5-49C0-9D99-91B1B195F086}
		{F44CC9DC-962C-4D40-A9A5-ED2896835C24} = {C091D437-087E-4782-A04E-1AF0DBB2E56F}
		{2E6DBF2C-BA61-400E-8307-6C619CEE0221} = {F44CC9DC-962C-4D40-A9A5-ED2896835C24}
		{CD7682C0-87E9-4CA6-878F-D2AD6AF68DA5} = {F44CC9DC-962C-4D40-A9A5-ED2896835C24}
		{FED255D8-F967-4357-BCFA-7C68A11B5700} = {2E6DBF2C-BA61-400E-8307-6C619CEE0221}
		{61F0B46F-B2CB-472F-8B26-6E78A8E9D45E} = {CD7682C0-87E9-4CA6-878F-D2AD6AF68DA5}
		{DA14E6AC-F7E2-4300-AC81-497E04EB8B66} = {61F0B46F-B2CB-472F-8B26-6E78A8E9D45E}
		{7D6A46F0-FD93-4F90-99C5-A4B11CFB762F} = {2180CEC2-82D5-49C0-9D99-91B1B195F086}
		{3B039EBC-2FCA-4A7E-AB4F-0007257E7367} = {3E81FAD1-A508-4EF2-82B0-CFCF216C1F2A}
		{D084C867-32C7-4920-8D80-8CF26635506B} = {3E81FAD1-A508-4EF2-82B0-CFCF216C1F2A}
		{5261867E-D118-451D-86C6-662E2CFFBDD8} = {D084C867-32C7-4920-8D80-8CF26635506B}
		{3E81FAD1-A508-4EF2-82B0-CFCF216C1F2A} = {7D6A46F0-FD93-4F90-99C5-A4B11CFB762F}
		{6F3ACBB9-8F30-4535-AC0F-CEBCED4F2A2C} = {61F0B46F-B2CB-472F-8B26-6E78A8E9D45E}
		{CC955635-24B8-46EE-BA3D-3A865A7AAEC6} = {846A7C67-BC7C-4D07-AF2A-549FA5792D47}
		{2670FCE8-81E8-43BD-8108-D83F83A5C0D4} = {CC955635-24B8-46EE-BA3D-3A865A7AAEC6}
		{496D412F-AB16-4188-B62F-E8C002F40DD8} = {CC955635-24B8-46EE-BA3D-3A865A7AAEC6}
		{13D9E658-7F78-4C15-B21B-722445F44847} = {CC955635-24B8-46EE-BA3D-3A865A7AAEC6}
		{E223DB33-A6B6-4F78-A385-015C7AE9B4A8} = {F44CC9DC-962C-4D40-A9A5-ED2896835C24}
		{C82D3DB8-D0B3-45A9-9902-BA9DF171E680} = {F44CC9DC-962C-4D40-A9A5-ED2896835C24}
		{846A7C67-BC7C-4D07-AF2A-549FA5792D47} = {2180CEC2-82D5-49C0-9D99-91B1B195F086}
		{DD1A6579-C2B7-489D-9DDE-2CA2F9477782} = {E223DB33-A6B6-4F78-A385-015C7AE9B4A8}
		{6C3A0B2E-E4E1-466B-95E4-1B72373A683B} = {C82D3DB8-D0B3-45A9-9902-BA9DF171E680}
		{1CC7921E-9D67-4BC9-8968-452136EBA3EE} = {DD1A6579-C2B7-489D-9DDE-2CA2F9477782}
		{413C34B5-DD53-4744-8EED-5ED6A1A756BF} = {6C3A0B2E-E4E1-466B-95E4-1B72373A683B}
		{A2F18BB0-FAB5-4717-98A5-055D1A862354} = {2670FCE8-81E8-43BD-8108-D83F83A5C0D4}
		{44E2CEC6-92F0-4042-9E5C-28D9A8D10121} = {496D412F-AB16-4188-B62F-E8C002F40DD8}
		{D4779039-3389-4CFA-B44C-C659B6F1AC9C} = {13D9E658-7F78-4C15-B21B-722445F44847}
		{767CEBB6-1D4C-484A-8B03-A45CA843E218} = {A2F18BB0-FAB5-4717-98A5-055D1A862354}
		{9BE62D26-1774-49E0-AE2C-AAC1A494A106} = {A2F18BB0-FAB5-4717-98A5-055D1A862354}
		{6252EE5D-8DB9-45FE-8B6D-A8EE6420DFF8} = {A2F18BB0-FAB5-4717-98A5-055D1A862354}
		{4457145E-2380-4470-BE6F-DEDEEF385499} = {A2F18BB0-FAB5-4717-98A5-055D1A862354}
		{1433AF13-8A51-4585-90EA-40C122157BE3} = {A2F18BB0-FAB5-4717-98A5-055D1A862354}
		{AFBF2908-DA60-4F8A-BF54-FC02F1C6F0F9} = {A2F18BB0-FAB5-4717-98A5-055D1A862354}
		{C9F5C464-FDFE-43FC-AF00-C8D5FE261274} = {A2F18BB0-FAB5-4717-98A5-055D1A862354}
		{6BDB8A3E-D45E-4F1C-BF6B-47D1EC0AE149} = {44E2CEC6-92F0-4042-9E5C-28D9A8D10121}
		{F7DC98D7-DF64-414D-9CBB-44B43596BAE3} = {44E2CEC6-92F0-4042-9E5C-28D9A8D10121}
		{5F3CB23A-93E2-4B3A-A98E-B484DA6171C3} = {44E2CEC6-92F0-4042-9E5C-28D9A8D10121}
		{6D243B9F-D67A-4F86-A54E-3570ADD06DD6} = {44E2CEC6-92F0-4042-9E5C-28D9A8D10121}
		{3C9641CD-3ED9-4D67-9448-D3E03D9CD4B4} = {44E2CEC6-92F0-4042-9E5C-28D9A8D10121}
		{D545D913-DEF2-4430-A767-9044B58B89F0} = {44E2CEC6-92F0-4042-9E5C-28D9A8D10121}
		{9EF09D2C-E8FC-4EBF-8925-7B74CFAA98A7} = {D4779039-3389-4CFA-B44C-C659B6F1AC9C}
		{10CD3D3D-718C-466C-8508-26344F1454D0} = {D4779039-3389-4CFA-B44C-C659B6F1AC9C}
		{A4DFD6E3-B455-45D1-856A-4C3513D1FA9B} = {D4779039-3389-4CFA-B44C-C659B6F1AC9C}
		{0B94A45A-E05E-43B8-8CE5-6C42C6C29EF1} = {D4779039-3389-4CFA-B44C-C659B6F1AC9C}
		{B4556D17-7654-49C9-B8D9-47DC782E66E8} = {D4779039-3389-4CFA-B44C-C659B6F1AC9C}
		{BC81E85B-F457-4663-9DC9-AF0E9A6D2188} = {D4779039-3389-4CFA-B44C-C659B6F1AC9C}
		{012BC8E5-79CD-40C9-9C9F-4FBF78648974} = {D4779039-3389-4CFA-B44C-C659B6F1AC9C}
		{9809333D-D1A4-4F73-8537-9D5245A4C828} = {44E2CEC6-92F0-4042-9E5C-28D9A8D10121}
		{63F97036-823C-4FDD-BED7-7BF1DFDD6A5F} = {CC955635-24B8-46EE-BA3D-3A865A7AAEC6}
		{072C9FA2-8B3A-40C4-B280-3F152F21F52D} = {CC955635-24B8-46EE-BA3D-3A865A7AAEC6}
		{AFDCB0FD-7BA8-4723-894A-4BACF72C53F1} = {CC955635-24B8-46EE-BA3D-3A865A7AAEC6}
		{CAC9A381-E1F2-46BD-8872-7B89501EB6D5} = {FED255D8-F967-4357-BCFA-7C68A11B5700}
		{5EF832BA-42B7-4D6B-831E-9453A62B08BE} = {FED255D8-F967-4357-BCFA-7C68A11B5700}
		{1F26C8C7-2932-4752-AE13-AD76B7AEC24A} = {F44CC9DC-962C-4D40-A9A5-ED2896835C24}
		{7731AD6E-43F2-42E3-A3D0-6C3AF1FAA8DC} = {F44CC9DC-962C-4D40-A9A5-ED2896835C24}
		{F94265B2-606E-4FC2-932D-6348B2DCC5B0} = {1F26C8C7-2932-4752-AE13-AD76B7AEC24A}
		{A897BFE6-6F1B-4DC0-95C9-5B27A0A0068F} = {7731AD6E-43F2-42E3-A3D0-6C3AF1FAA8DC}
		{630606A1-95CB-4B07-882B-F59DA10BD5F4} = {F94265B2-606E-4FC2-932D-6348B2DCC5B0}
		{C4D3646D-F049-4294-AACB-CC84F010D057} = {F94265B2-606E-4FC2-932D-6348B2DCC5B0}
		{88EC60BA-CC65-4639-BB79-1DDB622E6BB2} = {A897BFE6-6F1B-4DC0-95C9-5B27A0A0068F}
		{4E5F61C4-0A16-47C4-A879-E5D46C4640F1} = {A897BFE6-6F1B-4DC0-95C9-5B27A0A0068F}
		{C14DB441-09B2-437B-A193-CC11CEEC2C5B} = {61F0B46F-B2CB-472F-8B26-6E78A8E9D45E}
		{1FDF2310-240D-4247-81B5-2457E017C457} = {61F0B46F-B2CB-472F-8B26-6E78A8E9D45E}
	EndGlobalSection
	GlobalSection(ExtensibilityGlobals) = postSolution
		SolutionGuid = {25F4AEC1-75C2-4DA6-832A-0F80ADC614B3}
	EndGlobalSection
EndGlobal
